
Microsoft Visual Studio Solution File, Format Version 12.00
# Visual Studio Version 16
VisualStudioVersion = 16.0.30309.148
MinimumVisualStudioVersion = 10.0.40219.1
Project("{FAE04EC0-301F-11D3-BF4B-00C04F79EFBC}") = "KTA-223 Tester", "KTA-223 Tester\KTA-223 Tester.csproj", "{7376A1AB-81B8-4EB3-92AC-B0EE9848170C}"
EndProject
Global
	GlobalSection(SolutionConfigurationPlatforms) = preSolution
		Debug|Any CPU = Debug|Any CPU
		Release|Any CPU = Release|Any CPU
	EndGlobalSection
	GlobalSection(ProjectConfigurationPlatforms) = postSolution
		{7376A1AB-81B8-4EB3-92AC-B0EE9848170C}.Debug|Any CPU.ActiveCfg = Debug|Any CPU
		{7376A1AB-81B8-4EB3-92AC-B0EE9848170C}.Debug|Any CPU.Build.0 = Debug|Any CPU
		{7376A1AB-81B8-4EB3-92AC-B0EE9848170C}.Release|Any CPU.ActiveCfg = Release|Any CPU
		{7376A1AB-81B8-4EB3-92AC-B0EE9848170C}.Release|Any CPU.Build.0 = Release|Any CPU
	EndGlobalSection
	GlobalSection(SolutionProperties) = preSolution
		HideSolutionNode = FALSE
	EndGlobalSection
	GlobalSection(ExtensibilityGlobals) = postSolution
		SolutionGuid = {ABD6D47B-2C98-4F6C-9053-EF0DD3BBAD04}
	EndGlobalSection
EndGlobal
